// !$*UTF8*$!
{
	archiveVersion = 1;
	classes = {
	};
	objectVersion = 55;
	objects = {

/* Begin PBXBuildFile section */
		65E416F02847B93200E96177 /* AppDelegate.swift in Sources */ = {isa = PBXBuildFile; fileRef = 65E416EF2847B93200E96177 /* AppDelegate.swift */; };
		65E416F22847B93200E96177 /* SceneDelegate.swift in Sources */ = {isa = PBXBuildFile; fileRef = 65E416F12847B93200E96177 /* SceneDelegate.swift */; };
		65E416F42847B93200E96177 /* HomeScreen.swift in Sources */ = {isa = PBXBuildFile; fileRef = 65E416F32847B93200E96177 /* HomeScreen.swift */; };
		65E416F72847B93200E96177 /* Main.storyboard in Resources */ = {isa = PBXBuildFile; fileRef = 65E416F52847B93200E96177 /* Main.storyboard */; };
		65E416F92847B93300E96177 /* Assets.xcassets in Resources */ = {isa = PBXBuildFile; fileRef = 65E416F82847B93300E96177 /* Assets.xcassets */; };
		65E416FC2847B93300E96177 /* LaunchScreen.storyboard in Resources */ = {isa = PBXBuildFile; fileRef = 65E416FA2847B93300E96177 /* LaunchScreen.storyboard */; };
		65E417132847BF9100E96177 /* FilsonProLight-Light.otf in Resources */ = {isa = PBXBuildFile; fileRef = 65E417032847BF9100E96177 /* FilsonProLight-Light.otf */; };
		65E417142847BF9100E96177 /* FilsonProLightItalic-Italic.otf in Resources */ = {isa = PBXBuildFile; fileRef = 65E417042847BF9100E96177 /* FilsonProLightItalic-Italic.otf */; };
		65E417152847BF9100E96177 /* FilsonProHeavy-Heavy.otf in Resources */ = {isa = PBXBuildFile; fileRef = 65E417052847BF9100E96177 /* FilsonProHeavy-Heavy.otf */; };
		65E417162847BF9100E96177 /* FilsonProThin-Thin.otf in Resources */ = {isa = PBXBuildFile; fileRef = 65E417062847BF9100E96177 /* FilsonProThin-Thin.otf */; };
		65E417172847BF9100E96177 /* FilsonProBold-Bold.otf in Resources */ = {isa = PBXBuildFile; fileRef = 65E417072847BF9100E96177 /* FilsonProBold-Bold.otf */; };
		65E417182847BF9100E96177 /* FilsonProBoldItalic-Italic.otf in Resources */ = {isa = PBXBuildFile; fileRef = 65E417082847BF9100E96177 /* FilsonProBoldItalic-Italic.otf */; };
		65E417192847BF9100E96177 /* FilsonProHeavyItalic-Italic.otf in Resources */ = {isa = PBXBuildFile; fileRef = 65E417092847BF9100E96177 /* FilsonProHeavyItalic-Italic.otf */; };
		65E4171A2847BF9100E96177 /* FilsonProBook-Book.otf in Resources */ = {isa = PBXBuildFile; fileRef = 65E4170A2847BF9100E96177 /* FilsonProBook-Book.otf */; };
		65E4171B2847BF9100E96177 /* FilsonProThinItalic-Italic.otf in Resources */ = {isa = PBXBuildFile; fileRef = 65E4170B2847BF9100E96177 /* FilsonProThinItalic-Italic.otf */; };
		65E4171C2847BF9100E96177 /* FilsonProBlack-Black.otf in Resources */ = {isa = PBXBuildFile; fileRef = 65E4170C2847BF9100E96177 /* FilsonProBlack-Black.otf */; };
		65E4171D2847BF9100E96177 /* FilsonProMedium-Medium.otf in Resources */ = {isa = PBXBuildFile; fileRef = 65E4170D2847BF9100E96177 /* FilsonProMedium-Medium.otf */; };
		65E4171E2847BF9100E96177 /* FilsonProMediumItalic-Italic.otf in Resources */ = {isa = PBXBuildFile; fileRef = 65E4170E2847BF9100E96177 /* FilsonProMediumItalic-Italic.otf */; };
		65E4171F2847BF9100E96177 /* FilsonProBookItalic-Italic.otf in Resources */ = {isa = PBXBuildFile; fileRef = 65E4170F2847BF9100E96177 /* FilsonProBookItalic-Italic.otf */; };
		65E417202847BF9100E96177 /* FilsonProBlackItalic-Italic.otf in Resources */ = {isa = PBXBuildFile; fileRef = 65E417102847BF9100E96177 /* FilsonProBlackItalic-Italic.otf */; };
		65E417212847BF9100E96177 /* FilsonProRegular-Regular.otf in Resources */ = {isa = PBXBuildFile; fileRef = 65E417112847BF9100E96177 /* FilsonProRegular-Regular.otf */; };
		65E417222847BF9100E96177 /* FilsonProRegularItalic-Italic.otf in Resources */ = {isa = PBXBuildFile; fileRef = 65E417122847BF9100E96177 /* FilsonProRegularItalic-Italic.otf */; };
/* End PBXBuildFile section */

/* Begin PBXFileReference section */
		65E416EC2847B93200E96177 /* Say+ Asana.app */ = {isa = PBXFileReference; explicitFileType = wrapper.application; includeInIndex = 0; path = "Say+ Asana.app"; sourceTree = BUILT_PRODUCTS_DIR; };
		65E416EF2847B93200E96177 /* AppDelegate.swift */ = {isa = PBXFileReference; lastKnownFileType = sourcecode.swift; path = AppDelegate.swift; sourceTree = "<group>"; };
		65E416F12847B93200E96177 /* SceneDelegate.swift */ = {isa = PBXFileReference; lastKnownFileType = sourcecode.swift; path = SceneDelegate.swift; sourceTree = "<group>"; };
		65E416F32847B93200E96177 /* HomeScreen.swift */ = {isa = PBXFileReference; lastKnownFileType = sourcecode.swift; path = HomeScreen.swift; sourceTree = "<group>"; };
		65E416F62847B93200E96177 /* Base */ = {isa = PBXFileReference; lastKnownFileType = file.storyboard; name = Base; path = Base.lproj/Main.storyboard; sourceTree = "<group>"; };
		65E416F82847B93300E96177 /* Assets.xcassets */ = {isa = PBXFileReference; lastKnownFileType = folder.assetcatalog; path = Assets.xcassets; sourceTree = "<group>"; };
		65E416FB2847B93300E96177 /* Base */ = {isa = PBXFileReference; lastKnownFileType = file.storyboard; name = Base; path = Base.lproj/LaunchScreen.storyboard; sourceTree = "<group>"; };
		65E416FD2847B93300E96177 /* Info.plist */ = {isa = PBXFileReference; lastKnownFileType = text.plist.xml; path = Info.plist; sourceTree = "<group>"; };
		65E417032847BF9100E96177 /* FilsonProLight-Light.otf */ = {isa = PBXFileReference; lastKnownFileType = file; path = "FilsonProLight-Light.otf"; sourceTree = "<group>"; };
		65E417042847BF9100E96177 /* FilsonProLightItalic-Italic.otf */ = {isa = PBXFileReference; lastKnownFileType = file; path = "FilsonProLightItalic-Italic.otf"; sourceTree = "<group>"; };
		65E417052847BF9100E96177 /* FilsonProHeavy-Heavy.otf */ = {isa = PBXFileReference; lastKnownFileType = file; path = "FilsonProHeavy-Heavy.otf"; sourceTree = "<group>"; };
		65E417062847BF9100E96177 /* FilsonProThin-Thin.otf */ = {isa = PBXFileReference; lastKnownFileType = file; path = "FilsonProThin-Thin.otf"; sourceTree = "<group>"; };
		65E417072847BF9100E96177 /* FilsonProBold-Bold.otf */ = {isa = PBXFileReference; lastKnownFileType = file; path = "FilsonProBold-Bold.otf"; sourceTree = "<group>"; };
		65E417082847BF9100E96177 /* FilsonProBoldItalic-Italic.otf */ = {isa = PBXFileReference; lastKnownFileType = file; path = "FilsonProBoldItalic-Italic.otf"; sourceTree = "<group>"; };
		65E417092847BF9100E96177 /* FilsonProHeavyItalic-Italic.otf */ = {isa = PBXFileReference; lastKnownFileType = file; path = "FilsonProHeavyItalic-Italic.otf"; sourceTree = "<group>"; };
		65E4170A2847BF9100E96177 /* FilsonProBook-Book.otf */ = {isa = PBXFileReference; lastKnownFileType = file; path = "FilsonProBook-Book.otf"; sourceTree = "<group>"; };
		65E4170B2847BF9100E96177 /* FilsonProThinItalic-Italic.otf */ = {isa = PBXFileReference; lastKnownFileType = file; path = "FilsonProThinItalic-Italic.otf"; sourceTree = "<group>"; };
		65E4170C2847BF9100E96177 /* FilsonProBlack-Black.otf */ = {isa = PBXFileReference; lastKnownFileType = file; path = "FilsonProBlack-Black.otf"; sourceTree = "<group>"; };
		65E4170D2847BF9100E96177 /* FilsonProMedium-Medium.otf */ = {isa = PBXFileReference; lastKnownFileType = file; path = "FilsonProMedium-Medium.otf"; sourceTree = "<group>"; };
		65E4170E2847BF9100E96177 /* FilsonProMediumItalic-Italic.otf */ = {isa = PBXFileReference; lastKnownFileType = file; path = "FilsonProMediumItalic-Italic.otf"; sourceTree = "<group>"; };
		65E4170F2847BF9100E96177 /* FilsonProBookItalic-Italic.otf */ = {isa = PBXFileReference; lastKnownFileType = file; path = "FilsonProBookItalic-Italic.otf"; sourceTree = "<group>"; };
		65E417102847BF9100E96177 /* FilsonProBlackItalic-Italic.otf */ = {isa = PBXFileReference; lastKnownFileType = file; path = "FilsonProBlackItalic-Italic.otf"; sourceTree = "<group>"; };
		65E417112847BF9100E96177 /* FilsonProRegular-Regular.otf */ = {isa = PBXFileReference; lastKnownFileType = file; path = "FilsonProRegular-Regular.otf"; sourceTree = "<group>"; };
		65E417122847BF9100E96177 /* FilsonProRegularItalic-Italic.otf */ = {isa = PBXFileReference; lastKnownFileType = file; path = "FilsonProRegularItalic-Italic.otf"; sourceTree = "<group>"; };
/* End PBXFileReference section */

/* Begin PBXFrameworksBuildPhase section */
		65E416E92847B93200E96177 /* Frameworks */ = {
			isa = PBXFrameworksBuildPhase;
			buildActionMask = 2147483647;
			files = (
			);
			runOnlyForDeploymentPostprocessing = 0;
		};
/* End PBXFrameworksBuildPhase section */

/* Begin PBXGroup section */
		65E416E32847B93200E96177 = {
			isa = PBXGroup;
			children = (
				65E416EE2847B93200E96177 /* Say+ Asana */,
				65E416ED2847B93200E96177 /* Products */,
			);
			sourceTree = "<group>";
		};
		65E416ED2847B93200E96177 /* Products */ = {
			isa = PBXGroup;
			children = (
				65E416EC2847B93200E96177 /* Say+ Asana.app */,
			);
			name = Products;
			sourceTree = "<group>";
		};
		65E416EE2847B93200E96177 /* Say+ Asana */ = {
			isa = PBXGroup;
			children = (
				65E416EF2847B93200E96177 /* AppDelegate.swift */,
				65E416F12847B93200E96177 /* SceneDelegate.swift */,
				65E416F32847B93200E96177 /* HomeScreen.swift */,
				65E416F52847B93200E96177 /* Main.storyboard */,
				65E416F82847B93300E96177 /* Assets.xcassets */,
				65E416FA2847B93300E96177 /* LaunchScreen.storyboard */,
				65E416FD2847B93300E96177 /* Info.plist */,
				65E417232847BF9B00E96177 /* fonts */,
			);
			path = "Say+ Asana";
			sourceTree = "<group>";
		};
		65E417232847BF9B00E96177 /* fonts */ = {
			isa = PBXGroup;
			children = (
				65E4170C2847BF9100E96177 /* FilsonProBlack-Black.otf */,
				65E417102847BF9100E96177 /* FilsonProBlackItalic-Italic.otf */,
				65E417072847BF9100E96177 /* FilsonProBold-Bold.otf */,
				65E417082847BF9100E96177 /* FilsonProBoldItalic-Italic.otf */,
				65E4170A2847BF9100E96177 /* FilsonProBook-Book.otf */,
				65E4170F2847BF9100E96177 /* FilsonProBookItalic-Italic.otf */,
				65E417052847BF9100E96177 /* FilsonProHeavy-Heavy.otf */,
				65E417092847BF9100E96177 /* FilsonProHeavyItalic-Italic.otf */,
				65E417032847BF9100E96177 /* FilsonProLight-Light.otf */,
				65E417042847BF9100E96177 /* FilsonProLightItalic-Italic.otf */,
				65E4170D2847BF9100E96177 /* FilsonProMedium-Medium.otf */,
				65E4170E2847BF9100E96177 /* FilsonProMediumItalic-Italic.otf */,
				65E417112847BF9100E96177 /* FilsonProRegular-Regular.otf */,
				65E417122847BF9100E96177 /* FilsonProRegularItalic-Italic.otf */,
				65E417062847BF9100E96177 /* FilsonProThin-Thin.otf */,
				65E4170B2847BF9100E96177 /* FilsonProThinItalic-Italic.otf */,
			);
			path = fonts;
			sourceTree = "<group>";
		};
/* End PBXGroup section */

/* Begin PBXNativeTarget section */
		65E416EB2847B93200E96177 /* Say+ Asana */ = {
			isa = PBXNativeTarget;
			buildConfigurationList = 65E417002847B93300E96177 /* Build configuration list for PBXNativeTarget "Say+ Asana" */;
			buildPhases = (
				65E416E82847B93200E96177 /* Sources */,
				65E416E92847B93200E96177 /* Frameworks */,
				65E416EA2847B93200E96177 /* Resources */,
			);
			buildRules = (
			);
			dependencies = (
			);
			name = "Say+ Asana";
			productName = "Say+ Asana";
			productReference = 65E416EC2847B93200E96177 /* Say+ Asana.app */;
			productType = "com.apple.product-type.application";
		};
/* End PBXNativeTarget section */

/* Begin PBXProject section */
		65E416E42847B93200E96177 /* Project object */ = {
			isa = PBXProject;
			attributes = {
				BuildIndependentTargetsInParallel = 1;
				LastSwiftUpdateCheck = 1340;
				LastUpgradeCheck = 1340;
				TargetAttributes = {
					65E416EB2847B93200E96177 = {
						CreatedOnToolsVersion = 13.4;
					};
				};
			};
			buildConfigurationList = 65E416E72847B93200E96177 /* Build configuration list for PBXProject "Say+ Asana" */;
			compatibilityVersion = "Xcode 13.0";
			developmentRegion = en;
			hasScannedForEncodings = 0;
			knownRegions = (
				en,
				Base,
			);
			mainGroup = 65E416E32847B93200E96177;
			productRefGroup = 65E416ED2847B93200E96177 /* Products */;
			projectDirPath = "";
			projectRoot = "";
			targets = (
				65E416EB2847B93200E96177 /* Say+ Asana */,
			);
		};
/* End PBXProject section */

/* Begin PBXResourcesBuildPhase section */
		65E416EA2847B93200E96177 /* Resources */ = {
			isa = PBXResourcesBuildPhase;
			buildActionMask = 2147483647;
			files = (
				65E417212847BF9100E96177 /* FilsonProRegular-Regular.otf in Resources */,
				65E417172847BF9100E96177 /* FilsonProBold-Bold.otf in Resources */,
				65E4171C2847BF9100E96177 /* FilsonProBlack-Black.otf in Resources */,
				65E4171B2847BF9100E96177 /* FilsonProThinItalic-Italic.otf in Resources */,
				65E417162847BF9100E96177 /* FilsonProThin-Thin.otf in Resources */,
				65E417132847BF9100E96177 /* FilsonProLight-Light.otf in Resources */,
				65E417202847BF9100E96177 /* FilsonProBlackItalic-Italic.otf in Resources */,
				65E4171F2847BF9100E96177 /* FilsonProBookItalic-Italic.otf in Resources */,
				65E417142847BF9100E96177 /* FilsonProLightItalic-Italic.otf in Resources */,
				65E416FC2847B93300E96177 /* LaunchScreen.storyboard in Resources */,
				65E416F92847B93300E96177 /* Assets.xcassets in Resources */,
				65E4171A2847BF9100E96177 /* FilsonProBook-Book.otf in Resources */,
				65E417192847BF9100E96177 /* FilsonProHeavyItalic-Italic.otf in Resources */,
				65E4171D2847BF9100E96177 /* FilsonProMedium-Medium.otf in Resources */,
				65E4171E2847BF9100E96177 /* FilsonProMediumItalic-Italic.otf in Resources */,
				65E417152847BF9100E96177 /* FilsonProHeavy-Heavy.otf in Resources */,
				65E416F72847B93200E96177 /* Main.storyboard in Resources */,
				65E417222847BF9100E96177 /* FilsonProRegularItalic-Italic.otf in Resources */,
				65E417182847BF9100E96177 /* FilsonProBoldItalic-Italic.otf in Resources */,
			);
			runOnlyForDeploymentPostprocessing = 0;
		};
/* End PBXResourcesBuildPhase section */

/* Begin PBXSourcesBuildPhase section */
		65E416E82847B93200E96177 /* Sources */ = {
			isa = PBXSourcesBuildPhase;
			buildActionMask = 2147483647;
			files = (
				65E416F42847B93200E96177 /* HomeScreen.swift in Sources */,
				65E416F02847B93200E96177 /* AppDelegate.swift in Sources */,
				65E416F22847B93200E96177 /* SceneDelegate.swift in Sources */,
			);
			runOnlyForDeploymentPostprocessing = 0;
		};
/* End PBXSourcesBuildPhase section */

/* Begin PBXVariantGroup section */
		65E416F52847B93200E96177 /* Main.storyboard */ = {
			isa = PBXVariantGroup;
			children = (
				65E416F62847B93200E96177 /* Base */,
			);
			name = Main.storyboard;
			sourceTree = "<group>";
		};
		65E416FA2847B93300E96177 /* LaunchScreen.storyboard */ = {
			isa = PBXVariantGroup;
			children = (
				65E416FB2847B93300E96177 /* Base */,
			);
			name = LaunchScreen.storyboard;
			sourceTree = "<group>";
		};
/* End PBXVariantGroup section */

/* Begin XCBuildConfiguration section */
		65E416FE2847B93300E96177 /* Debug */ = {
			isa = XCBuildConfiguration;
			buildSettings = {
				ALWAYS_SEARCH_USER_PATHS = NO;
				CLANG_ANALYZER_NONNULL = YES;
				CLANG_ANALYZER_NUMBER_OBJECT_CONVERSION = YES_AGGRESSIVE;
				CLANG_CXX_LANGUAGE_STANDARD = "gnu++17";
				CLANG_ENABLE_MODULES = YES;
				CLANG_ENABLE_OBJC_ARC = YES;
				CLANG_ENABLE_OBJC_WEAK = YES;
				CLANG_WARN_BLOCK_CAPTURE_AUTORELEASING = YES;
				CLANG_WARN_BOOL_CONVERSION = YES;
				CLANG_WARN_COMMA = YES;
				CLANG_WARN_CONSTANT_CONVERSION = YES;
				CLANG_WARN_DEPRECATED_OBJC_IMPLEMENTATIONS = YES;
				CLANG_WARN_DIRECT_OBJC_ISA_USAGE = YES_ERROR;
				CLANG_WARN_DOCUMENTATION_COMMENTS = YES;
				CLANG_WARN_EMPTY_BODY = YES;
				CLANG_WARN_ENUM_CONVERSION = YES;
				CLANG_WARN_INFINITE_RECURSION = YES;
				CLANG_WARN_INT_CONVERSION = YES;
				CLANG_WARN_NON_LITERAL_NULL_CONVERSION = YES;
				CLANG_WARN_OBJC_IMPLICIT_RETAIN_SELF = YES;
				CLANG_WARN_OBJC_LITERAL_CONVERSION = YES;
				CLANG_WARN_OBJC_ROOT_CLASS = YES_ERROR;
				CLANG_WARN_QUOTED_INCLUDE_IN_FRAMEWORK_HEADER = YES;
				CLANG_WARN_RANGE_LOOP_ANALYSIS = YES;
				CLANG_WARN_STRICT_PROTOTYPES = YES;
				CLANG_WARN_SUSPICIOUS_MOVE = YES;
				CLANG_WARN_UNGUARDED_AVAILABILITY = YES_AGGRESSIVE;
				CLANG_WARN_UNREACHABLE_CODE = YES;
				CLANG_WARN__DUPLICATE_METHOD_MATCH = YES;
				COPY_PHASE_STRIP = NO;
				DEBUG_INFORMATION_FORMAT = dwarf;
				ENABLE_STRICT_OBJC_MSGSEND = YES;
				ENABLE_TESTABILITY = YES;
				GCC_C_LANGUAGE_STANDARD = gnu11;
				GCC_DYNAMIC_NO_PIC = NO;
				GCC_NO_COMMON_BLOCKS = YES;
				GCC_OPTIMIZATION_LEVEL = 0;
				GCC_PREPROCESSOR_DEFINITIONS = (
					"DEBUG=1",
					"$(inherited)",
				);
				GCC_WARN_64_TO_32_BIT_CONVERSION = YES;
				GCC_WARN_ABOUT_RETURN_TYPE = YES_ERROR;
				GCC_WARN_UNDECLARED_SELECTOR = YES;
				GCC_WARN_UNINITIALIZED_AUTOS = YES_AGGRESSIVE;
				GCC_WARN_UNUSED_FUNCTION = YES;
				GCC_WARN_UNUSED_VARIABLE = YES;
				IPHONEOS_DEPLOYMENT_TARGET = 15.5;
				MTL_ENABLE_DEBUG_INFO = INCLUDE_SOURCE;
				MTL_FAST_MATH = YES;
				ONLY_ACTIVE_ARCH = YES;
				SDKROOT = iphoneos;
				SWIFT_ACTIVE_COMPILATION_CONDITIONS = DEBUG;
				SWIFT_OPTIMIZATION_LEVEL = "-Onone";
			};
			name = Debug;
		};
		65E416FF2847B93300E96177 /* Release */ = {
			isa = XCBuildConfiguration;
			buildSettings = {
				ALWAYS_SEARCH_USER_PATHS = NO;
				CLANG_ANALYZER_NONNULL = YES;
				CLANG_ANALYZER_NUMBER_OBJECT_CONVERSION = YES_AGGRESSIVE;
				CLANG_CXX_LANGUAGE_STANDARD = "gnu++17";
				CLANG_ENABLE_MODULES = YES;
				CLANG_ENABLE_OBJC_ARC = YES;
				CLANG_ENABLE_OBJC_WEAK = YES;
				CLANG_WARN_BLOCK_CAPTURE_AUTORELEASING = YES;
				CLANG_WARN_BOOL_CONVERSION = YES;
				CLANG_WARN_COMMA = YES;
				CLANG_WARN_CONSTANT_CONVERSION = YES;
				CLANG_WARN_DEPRECATED_OBJC_IMPLEMENTATIONS = YES;
				CLANG_WARN_DIRECT_OBJC_ISA_USAGE = YES_ERROR;
				CLANG_WARN_DOCUMENTATION_COMMENTS = YES;
				CLANG_WARN_EMPTY_BODY = YES;
				CLANG_WARN_ENUM_CONVERSION = YES;
				CLANG_WARN_INFINITE_RECURSION = YES;
				CLANG_WARN_INT_CONVERSION = YES;
				CLANG_WARN_NON_LITERAL_NULL_CONVERSION = YES;
				CLANG_WARN_OBJC_IMPLICIT_RETAIN_SELF = YES;
				CLANG_WARN_OBJC_LITERAL_CONVERSION = YES;
				CLANG_WARN_OBJC_ROOT_CLASS = YES_ERROR;
				CLANG_WARN_QUOTED_INCLUDE_IN_FRAMEWORK_HEADER = YES;
				CLANG_WARN_RANGE_LOOP_ANALYSIS = YES;
				CLANG_WARN_STRICT_PROTOTYPES = YES;
				CLANG_WARN_SUSPICIOUS_MOVE = YES;
				CLANG_WARN_UNGUARDED_AVAILABILITY = YES_AGGRESSIVE;
				CLANG_WARN_UNREACHABLE_CODE = YES;
				CLANG_WARN__DUPLICATE_METHOD_MATCH = YES;
				COPY_PHASE_STRIP = NO;
				DEBUG_INFORMATION_FORMAT = "dwarf-with-dsym";
				ENABLE_NS_ASSERTIONS = NO;
				ENABLE_STRICT_OBJC_MSGSEND = YES;
				GCC_C_LANGUAGE_STANDARD = gnu11;
				GCC_NO_COMMON_BLOCKS = YES;
				GCC_WARN_64_TO_32_BIT_CONVERSION = YES;
				GCC_WARN_ABOUT_RETURN_TYPE = YES_ERROR;
				GCC_WARN_UNDECLARED_SELECTOR = YES;
				GCC_WARN_UNINITIALIZED_AUTOS = YES_AGGRESSIVE;
				GCC_WARN_UNUSED_FUNCTION = YES;
				GCC_WARN_UNUSED_VARIABLE = YES;
				IPHONEOS_DEPLOYMENT_TARGET = 15.5;
				MTL_ENABLE_DEBUG_INFO = NO;
				MTL_FAST_MATH = YES;
				SDKROOT = iphoneos;
				SWIFT_COMPILATION_MODE = wholemodule;
				SWIFT_OPTIMIZATION_LEVEL = "-O";
				VALIDATE_PRODUCT = YES;
			};
			name = Release;
		};
		65E417012847B93300E96177 /* Debug */ = {
			isa = XCBuildConfiguration;
			buildSettings = {
				ASSETCATALOG_COMPILER_APPICON_NAME = AppIcon;
				ASSETCATALOG_COMPILER_GLOBAL_ACCENT_COLOR_NAME = AccentColor;
				CODE_SIGN_STYLE = Automatic;
				CURRENT_PROJECT_VERSION = 1;
				DEVELOPMENT_TEAM = UARDWXZQZU;
				GENERATE_INFOPLIST_FILE = YES;
				INFOPLIST_FILE = "Say+ Asana/Info.plist";
				INFOPLIST_KEY_UIApplicationSupportsIndirectInputEvents = YES;
				INFOPLIST_KEY_UILaunchStoryboardName = LaunchScreen;
				INFOPLIST_KEY_UIMainStoryboardFile = Main;
				INFOPLIST_KEY_UISupportedInterfaceOrientations_iPad = "UIInterfaceOrientationPortrait UIInterfaceOrientationPortraitUpsideDown UIInterfaceOrientationLandscapeLeft UIInterfaceOrientationLandscapeRight";
				INFOPLIST_KEY_UISupportedInterfaceOrientations_iPhone = "UIInterfaceOrientationPortrait UIInterfaceOrientationLandscapeLeft UIInterfaceOrientationLandscapeRight";
				LD_RUNPATH_SEARCH_PATHS = (
					"$(inherited)",
					"@executable_path/Frameworks",
				);
				MARKETING_VERSION = 1.0;
				PRODUCT_BUNDLE_IDENTIFIER = "Savant-Studio.Say--Asana";
				PRODUCT_NAME = "$(TARGET_NAME)";
				SWIFT_EMIT_LOC_STRINGS = YES;
				SWIFT_VERSION = 5.0;
				TARGETED_DEVICE_FAMILY = "1,2";
			};
			name = Debug;
		};
		65E417022847B93300E96177 /* Release */ = {
			isa = XCBuildConfiguration;
			buildSettings = {
				ASSETCATALOG_COMPILER_APPICON_NAME = AppIcon;
				ASSETCATALOG_COMPILER_GLOBAL_ACCENT_COLOR_NAME = AccentColor;
				CODE_SIGN_STYLE = Automatic;
				CURRENT_PROJECT_VERSION = 1;
				DEVELOPMENT_TEAM = UARDWXZQZU;
				GENERATE_INFOPLIST_FILE = YES;
				INFOPLIST_FILE = "Say+ Asana/Info.plist";
				INFOPLIST_KEY_UIApplicationSupportsIndirectInputEvents = YES;
				INFOPLIST_KEY_UILaunchStoryboardName = LaunchScreen;
				INFOPLIST_KEY_UIMainStoryboardFile = Main;
				INFOPLIST_KEY_UISupportedInterfaceOrientations_iPad = "UIInterfaceOrientationPortrait UIInterfaceOrientationPortraitUpsideDown UIInterfaceOrientationLandscapeLeft UIInterfaceOrientationLandscapeRight";
				INFOPLIST_KEY_UISupportedInterfaceOrientations_iPhone = "UIInterfaceOrientationPortrait UIInterfaceOrientationLandscapeLeft UIInterfaceOrientationLandscapeRight";
				LD_RUNPATH_SEARCH_PATHS = (
					"$(inherited)",
					"@executable_path/Frameworks",
				);
				MARKETING_VERSION = 1.0;
				PRODUCT_BUNDLE_IDENTIFIER = "Savant-Studio.Say--Asana";
				PRODUCT_NAME = "$(TARGET_NAME)";
				SWIFT_EMIT_LOC_STRINGS = YES;
				SWIFT_VERSION = 5.0;
				TARGETED_DEVICE_FAMILY = "1,2";
			};
			name = Release;
		};
/* End XCBuildConfiguration section */

/* Begin XCConfigurationList section */
		65E416E72847B93200E96177 /* Build configuration list for PBXProject "Say+ Asana" */ = {
			isa = XCConfigurationList;
			buildConfigurations = (
				65E416FE2847B93300E96177 /* Debug */,
				65E416FF2847B93300E96177 /* Release */,
			);
			defaultConfigurationIsVisible = 0;
			defaultConfigurationName = Release;
		};
		65E417002847B93300E96177 /* Build configuration list for PBXNativeTarget "Say+ Asana" */ = {
			isa = XCConfigurationList;
			buildConfigurations = (
				65E417012847B93300E96177 /* Debug */,
				65E417022847B93300E96177 /* Release */,
			);
			defaultConfigurationIsVisible = 0;
			defaultConfigurationName = Release;
		};
/* End XCConfigurationList section */
	};
	rootObject = 65E416E42847B93200E96177 /* Project object */;
}
